
Microsoft Visual Studio Solution File, Format Version 12.00
# Visual Studio Version 16
VisualStudioVersion = 16.0.30621.155
MinimumVisualStudioVersion = 10.0.40219.1
Project("{FAE04EC0-301F-11D3-BF4B-00C04F79EFBC}") = "01_types", "01_types\01_types.csproj", "{11A5DE39-F9F3-44C7-9A75-422B2FDAA0A8}"
EndProject
Project("{FAE04EC0-301F-11D3-BF4B-00C04F79EFBC}") = "02_Conditionals", "02_Conditionals\02_Conditionals.csproj", "{21DF15FE-4D64-4160-B757-D1F7B0CD84C4}"
EndProject
Project("{FAE04EC0-301F-11D3-BF4B-00C04F79EFBC}") = "03_Loops", "03_Loops\03_Loops.csproj", "{07EB226A-E96A-4E81-8346-D7B168DF2E09}"
EndProject
Project("{FAE04EC0-301F-11D3-BF4B-00C04F79EFBC}") = "04_Methods", "04_Methods\04_Methods.csproj", "{564789D6-6295-4CE4-8BB9-33A5B0F51D57}"
EndProject
Project("{FAE04EC0-301F-11D3-BF4B-00C04F79EFBC}") = "05_Classes", "05_Classes\05_Classes.csproj", "{1566D930-B9FF-49BA-970C-F3494E97A7CD}"
EndProject
Project("{FAE04EC0-301F-11D3-BF4B-00C04F79EFBC}") = "06_RepositoryPattern_Repository", "06_RepositoryPattern_Repository\06_RepositoryPattern_Repository.csproj", "{58657A4F-63FB-4C41-B204-BC36CEC96142}"
EndProject
Project("{FAE04EC0-301F-11D3-BF4B-00C04F79EFBC}") = "06_RepositoryPattern_Console", "06_RepositoryPatterns_Console\06_RepositoryPattern_Console.csproj", "{7B4AE7EE-4D28-42D4-AAA7-B2469A4E8F5C}"
EndProject
Project("{FAE04EC0-301F-11D3-BF4B-00C04F79EFBC}") = "06_RepositoryPattern_Tests", "06_RepositoryPattern_Tests\06_RepositoryPattern_Tests.csproj", "{88629398-DD24-4625-A462-D96325DA79BE}"
EndProject
Global
	GlobalSection(SolutionConfigurationPlatforms) = preSolution
		Debug|Any CPU = Debug|Any CPU
		Release|Any CPU = Release|Any CPU
	EndGlobalSection
	GlobalSection(ProjectConfigurationPlatforms) = postSolution
		{11A5DE39-F9F3-44C7-9A75-422B2FDAA0A8}.Debug|Any CPU.ActiveCfg = Debug|Any CPU
		{11A5DE39-F9F3-44C7-9A75-422B2FDAA0A8}.Debug|Any CPU.Build.0 = Debug|Any CPU
		{11A5DE39-F9F3-44C7-9A75-422B2FDAA0A8}.Release|Any CPU.ActiveCfg = Release|Any CPU
		{11A5DE39-F9F3-44C7-9A75-422B2FDAA0A8}.Release|Any CPU.Build.0 = Release|Any CPU
		{21DF15FE-4D64-4160-B757-D1F7B0CD84C4}.Debug|Any CPU.ActiveCfg = Debug|Any CPU
		{21DF15FE-4D64-4160-B757-D1F7B0CD84C4}.Debug|Any CPU.Build.0 = Debug|Any CPU
		{21DF15FE-4D64-4160-B757-D1F7B0CD84C4}.Release|Any CPU.ActiveCfg = Release|Any CPU
		{21DF15FE-4D64-4160-B757-D1F7B0CD84C4}.Release|Any CPU.Build.0 = Release|Any CPU
		{07EB226A-E96A-4E81-8346-D7B168DF2E09}.Debug|Any CPU.ActiveCfg = Debug|Any CPU
		{07EB226A-E96A-4E81-8346-D7B168DF2E09}.Debug|Any CPU.Build.0 = Debug|Any CPU
		{07EB226A-E96A-4E81-8346-D7B168DF2E09}.Release|Any CPU.ActiveCfg = Release|Any CPU
		{07EB226A-E96A-4E81-8346-D7B168DF2E09}.Release|Any CPU.Build.0 = Release|Any CPU
		{564789D6-6295-4CE4-8BB9-33A5B0F51D57}.Debug|Any CPU.ActiveCfg = Debug|Any CPU
		{564789D6-6295-4CE4-8BB9-33A5B0F51D57}.Debug|Any CPU.Build.0 = Debug|Any CPU
		{564789D6-6295-4CE4-8BB9-33A5B0F51D57}.Release|Any CPU.ActiveCfg = Release|Any CPU
		{564789D6-6295-4CE4-8BB9-33A5B0F51D57}.Release|Any CPU.Build.0 = Release|Any CPU
		{1566D930-B9FF-49BA-970C-F3494E97A7CD}.Debug|Any CPU.ActiveCfg = Debug|Any CPU
		{1566D930-B9FF-49BA-970C-F3494E97A7CD}.Debug|Any CPU.Build.0 = Debug|Any CPU
		{1566D930-B9FF-49BA-970C-F3494E97A7CD}.Release|Any CPU.ActiveCfg = Release|Any CPU
		{1566D930-B9FF-49BA-970C-F3494E97A7CD}.Release|Any CPU.Build.0 = Release|Any CPU
		{58657A4F-63FB-4C41-B204-BC36CEC96142}.Debug|Any CPU.ActiveCfg = Debug|Any CPU
		{58657A4F-63FB-4C41-B204-BC36CEC96142}.Debug|Any CPU.Build.0 = Debug|Any CPU
		{58657A4F-63FB-4C41-B204-BC36CEC96142}.Release|Any CPU.ActiveCfg = Release|Any CPU
		{58657A4F-63FB-4C41-B204-BC36CEC96142}.Release|Any CPU.Build.0 = Release|Any CPU
		{7B4AE7EE-4D28-42D4-AAA7-B2469A4E8F5C}.Debug|Any CPU.ActiveCfg = Debug|Any CPU
		{7B4AE7EE-4D28-42D4-AAA7-B2469A4E8F5C}.Debug|Any CPU.Build.0 = Debug|Any CPU
		{7B4AE7EE-4D28-42D4-AAA7-B2469A4E8F5C}.Release|Any CPU.ActiveCfg = Release|Any CPU
		{7B4AE7EE-4D28-42D4-AAA7-B2469A4E8F5C}.Release|Any CPU.Build.0 = Release|Any CPU
		{88629398-DD24-4625-A462-D96325DA79BE}.Debug|Any CPU.ActiveCfg = Debug|Any CPU
		{88629398-DD24-4625-A462-D96325DA79BE}.Debug|Any CPU.Build.0 = Debug|Any CPU
		{88629398-DD24-4625-A462-D96325DA79BE}.Release|Any CPU.ActiveCfg = Release|Any CPU
		{88629398-DD24-4625-A462-D96325DA79BE}.Release|Any CPU.Build.0 = Release|Any CPU
	EndGlobalSection
	GlobalSection(SolutionProperties) = preSolution
		HideSolutionNode = FALSE
	EndGlobalSection
	GlobalSection(ExtensibilityGlobals) = postSolution
		SolutionGuid = {ACF94446-6C46-477B-B701-D5A1362F9EE6}
	EndGlobalSection
EndGlobal
